
Microsoft Visual Studio Solution File, Format Version 12.00
# Visual Studio Version 17
VisualStudioVersion = 17.0.31903.59
MinimumVisualStudioVersion = 10.0.40219.1
Project("{FAE04EC0-301F-11D3-BF4B-00C04F79EFBC}") = "Chronos", "Chronos\Chronos.csproj", "{38E4FA0A-2672-4276-87F4-3412AA6E8E2B}"
EndProject
Project("{FAE04EC0-301F-11D3-BF4B-00C04F79EFBC}") = "RandomTest", "RandomTest\RandomTest.csproj", "{F224FF81-43B1-4E05-ADB8-A47287BC7013}"
EndProject
Project("{FAE04EC0-301F-11D3-BF4B-00C04F79EFBC}") = "RandDice", "RandDice\RandDice.csproj", "{D4761652-E6D4-4023-8EB8-AAFAB7951C6D}"
EndProject
Global
	GlobalSection(SolutionConfigurationPlatforms) = preSolution
		Debug|Any CPU = Debug|Any CPU
		Release|Any CPU = Release|Any CPU
	EndGlobalSection
	GlobalSection(SolutionProperties) = preSolution
		HideSolutionNode = FALSE
	EndGlobalSection
	GlobalSection(ProjectConfigurationPlatforms) = postSolution
		{38E4FA0A-2672-4276-87F4-3412AA6E8E2B}.Debug|Any CPU.ActiveCfg = Debug|Any CPU
		{38E4FA0A-2672-4276-87F4-3412AA6E8E2B}.Debug|Any CPU.Build.0 = Debug|Any CPU
		{38E4FA0A-2672-4276-87F4-3412AA6E8E2B}.Release|Any CPU.ActiveCfg = Release|Any CPU
		{38E4FA0A-2672-4276-87F4-3412AA6E8E2B}.Release|Any CPU.Build.0 = Release|Any CPU
		{F224FF81-43B1-4E05-ADB8-A47287BC7013}.Debug|Any CPU.ActiveCfg = Debug|Any CPU
		{F224FF81-43B1-4E05-ADB8-A47287BC7013}.Debug|Any CPU.Build.0 = Debug|Any CPU
		{F224FF81-43B1-4E05-ADB8-A47287BC7013}.Release|Any CPU.ActiveCfg = Release|Any CPU
		{F224FF81-43B1-4E05-ADB8-A47287BC7013}.Release|Any CPU.Build.0 = Release|Any CPU
		{D4761652-E6D4-4023-8EB8-AAFAB7951C6D}.Debug|Any CPU.ActiveCfg = Debug|Any CPU
		{D4761652-E6D4-4023-8EB8-AAFAB7951C6D}.Debug|Any CPU.Build.0 = Debug|Any CPU
		{D4761652-E6D4-4023-8EB8-AAFAB7951C6D}.Release|Any CPU.ActiveCfg = Release|Any CPU
		{D4761652-E6D4-4023-8EB8-AAFAB7951C6D}.Release|Any CPU.Build.0 = Release|Any CPU
	EndGlobalSection
EndGlobal
